// !$*UTF8*$!
{
	archiveVersion = 1;
	classes = {
	};
	objectVersion = 50;
	objects = {

/* Begin PBXBuildFile section */
		6614F3362478A4B2005D5AD5 /* MemoryGame.swift in Sources */ = {isa = PBXBuildFile; fileRef = 6614F3352478A4B2005D5AD5 /* MemoryGame.swift */; };
		6614F3382478A6D3005D5AD5 /* EmojiMemoryGame.swift in Sources */ = {isa = PBXBuildFile; fileRef = 6614F3372478A6D3005D5AD5 /* EmojiMemoryGame.swift */; };
		661F23B2248B4A1200DFC9D5 /* Cardify.swift in Sources */ = {isa = PBXBuildFile; fileRef = 661F23B1248B4A1200DFC9D5 /* Cardify.swift */; };
		662C887F247E02C9009B157A /* GridView.swift in Sources */ = {isa = PBXBuildFile; fileRef = 662C887E247E02C9009B157A /* GridView.swift */; };
		662C8883247E06D7009B157A /* GridLayout.swift in Sources */ = {isa = PBXBuildFile; fileRef = 662C8882247E06D7009B157A /* GridLayout.swift */; };
		662C8885247E0AF1009B157A /* Array+Identifiable.swift in Sources */ = {isa = PBXBuildFile; fileRef = 662C8884247E0AF1009B157A /* Array+Identifiable.swift */; };
		6639E22524776BA200C6FD13 /* AppDelegate.swift in Sources */ = {isa = PBXBuildFile; fileRef = 6639E22424776BA200C6FD13 /* AppDelegate.swift */; };
		6639E22724776BA200C6FD13 /* SceneDelegate.swift in Sources */ = {isa = PBXBuildFile; fileRef = 6639E22624776BA200C6FD13 /* SceneDelegate.swift */; };
		6639E22924776BA200C6FD13 /* EmojiMemoryGameView.swift in Sources */ = {isa = PBXBuildFile; fileRef = 6639E22824776BA200C6FD13 /* EmojiMemoryGameView.swift */; };
		6639E22B24776BA300C6FD13 /* Assets.xcassets in Resources */ = {isa = PBXBuildFile; fileRef = 6639E22A24776BA300C6FD13 /* Assets.xcassets */; };
		6639E22E24776BA300C6FD13 /* Preview Assets.xcassets in Resources */ = {isa = PBXBuildFile; fileRef = 6639E22D24776BA300C6FD13 /* Preview Assets.xcassets */; };
		6639E23124776BA300C6FD13 /* LaunchScreen.storyboard in Resources */ = {isa = PBXBuildFile; fileRef = 6639E22F24776BA300C6FD13 /* LaunchScreen.storyboard */; };
		669AD5D1248B43D80053104A /* Pie.swift in Sources */ = {isa = PBXBuildFile; fileRef = 669AD5D0248B43D80053104A /* Pie.swift */; };
		66B04E93248466720035EF93 /* GameTheme.swift in Sources */ = {isa = PBXBuildFile; fileRef = 66B04E92248466720035EF93 /* GameTheme.swift */; };
		66B04E95248478420035EF93 /* GradientButtonStyle.swift in Sources */ = {isa = PBXBuildFile; fileRef = 66B04E94248478420035EF93 /* GradientButtonStyle.swift */; };
		66E16F97247E17050089D9AF /* Array+Only.swift in Sources */ = {isa = PBXBuildFile; fileRef = 66E16F96247E17050089D9AF /* Array+Only.swift */; };
/* End PBXBuildFile section */

/* Begin PBXFileReference section */
		6614F3352478A4B2005D5AD5 /* MemoryGame.swift */ = {isa = PBXFileReference; lastKnownFileType = sourcecode.swift; path = MemoryGame.swift; sourceTree = "<group>"; };
		6614F3372478A6D3005D5AD5 /* EmojiMemoryGame.swift */ = {isa = PBXFileReference; lastKnownFileType = sourcecode.swift; path = EmojiMemoryGame.swift; sourceTree = "<group>"; };
		661F23B1248B4A1200DFC9D5 /* Cardify.swift */ = {isa = PBXFileReference; lastKnownFileType = sourcecode.swift; path = Cardify.swift; sourceTree = "<group>"; };
		662C887E247E02C9009B157A /* GridView.swift */ = {isa = PBXFileReference; lastKnownFileType = sourcecode.swift; path = GridView.swift; sourceTree = "<group>"; };
		662C8882247E06D7009B157A /* GridLayout.swift */ = {isa = PBXFileReference; lastKnownFileType = sourcecode.swift; path = GridLayout.swift; sourceTree = "<group>"; };
		662C8884247E0AF1009B157A /* Array+Identifiable.swift */ = {isa = PBXFileReference; lastKnownFileType = sourcecode.swift; path = "Array+Identifiable.swift"; sourceTree = "<group>"; };
		6639E22124776BA200C6FD13 /* Memorize.app */ = {isa = PBXFileReference; explicitFileType = wrapper.application; includeInIndex = 0; path = Memorize.app; sourceTree = BUILT_PRODUCTS_DIR; };
		6639E22424776BA200C6FD13 /* AppDelegate.swift */ = {isa = PBXFileReference; lastKnownFileType = sourcecode.swift; path = AppDelegate.swift; sourceTree = "<group>"; };
		6639E22624776BA200C6FD13 /* SceneDelegate.swift */ = {isa = PBXFileReference; lastKnownFileType = sourcecode.swift; path = SceneDelegate.swift; sourceTree = "<group>"; };
		6639E22824776BA200C6FD13 /* EmojiMemoryGameView.swift */ = {isa = PBXFileReference; lastKnownFileType = sourcecode.swift; path = EmojiMemoryGameView.swift; sourceTree = "<group>"; };
		6639E22A24776BA300C6FD13 /* Assets.xcassets */ = {isa = PBXFileReference; lastKnownFileType = folder.assetcatalog; path = Assets.xcassets; sourceTree = "<group>"; };
		6639E22D24776BA300C6FD13 /* Preview Assets.xcassets */ = {isa = PBXFileReference; lastKnownFileType = folder.assetcatalog; path = "Preview Assets.xcassets"; sourceTree = "<group>"; };
		6639E23024776BA300C6FD13 /* Base */ = {isa = PBXFileReference; lastKnownFileType = file.storyboard; name = Base; path = Base.lproj/LaunchScreen.storyboard; sourceTree = "<group>"; };
		6639E23224776BA300C6FD13 /* Info.plist */ = {isa = PBXFileReference; lastKnownFileType = text.plist.xml; path = Info.plist; sourceTree = "<group>"; };
		669AD5D0248B43D80053104A /* Pie.swift */ = {isa = PBXFileReference; lastKnownFileType = sourcecode.swift; path = Pie.swift; sourceTree = "<group>"; };
		66B04E92248466720035EF93 /* GameTheme.swift */ = {isa = PBXFileReference; lastKnownFileType = sourcecode.swift; path = GameTheme.swift; sourceTree = "<group>"; };
		66B04E94248478420035EF93 /* GradientButtonStyle.swift */ = {isa = PBXFileReference; lastKnownFileType = sourcecode.swift; path = GradientButtonStyle.swift; sourceTree = "<group>"; };
		66E16F96247E17050089D9AF /* Array+Only.swift */ = {isa = PBXFileReference; lastKnownFileType = sourcecode.swift; path = "Array+Only.swift"; sourceTree = "<group>"; };
/* End PBXFileReference section */

/* Begin PBXFrameworksBuildPhase section */
		6639E21E24776BA200C6FD13 /* Frameworks */ = {
			isa = PBXFrameworksBuildPhase;
			buildActionMask = 2147483647;
			files = (
			);
			runOnlyForDeploymentPostprocessing = 0;
		};
/* End PBXFrameworksBuildPhase section */

/* Begin PBXGroup section */
		6614F3392478A6F7005D5AD5 /* Models */ = {
			isa = PBXGroup;
			children = (
				6614F3352478A4B2005D5AD5 /* MemoryGame.swift */,
				66B04E92248466720035EF93 /* GameTheme.swift */,
				662C8882247E06D7009B157A /* GridLayout.swift */,
			);
			path = Models;
			sourceTree = "<group>";
		};
		6614F33A2478A6FD005D5AD5 /* Views */ = {
			isa = PBXGroup;
			children = (
				6639E22824776BA200C6FD13 /* EmojiMemoryGameView.swift */,
				662C887E247E02C9009B157A /* GridView.swift */,
				66B04E94248478420035EF93 /* GradientButtonStyle.swift */,
			);
			path = Views;
			sourceTree = "<group>";
		};
		6614F33B2478A707005D5AD5 /* ViewModels */ = {
			isa = PBXGroup;
			children = (
				6614F3372478A6D3005D5AD5 /* EmojiMemoryGame.swift */,
			);
			path = ViewModels;
			sourceTree = "<group>";
		};
		661F23B3248B4A2300DFC9D5 /* ViewModifiers */ = {
			isa = PBXGroup;
			children = (
				661F23B1248B4A1200DFC9D5 /* Cardify.swift */,
			);
			path = ViewModifiers;
			sourceTree = "<group>";
		};
		662C8886247E0AFC009B157A /* Utility */ = {
			isa = PBXGroup;
			children = (
				662C8884247E0AF1009B157A /* Array+Identifiable.swift */,
				66E16F96247E17050089D9AF /* Array+Only.swift */,
			);
			path = Utility;
			sourceTree = "<group>";
		};
		6639E21824776BA200C6FD13 = {
			isa = PBXGroup;
			children = (
				6639E22324776BA200C6FD13 /* Memorize */,
				6639E22224776BA200C6FD13 /* Products */,
			);
			sourceTree = "<group>";
		};
		6639E22224776BA200C6FD13 /* Products */ = {
			isa = PBXGroup;
			children = (
				6639E22124776BA200C6FD13 /* Memorize.app */,
			);
			name = Products;
			sourceTree = "<group>";
		};
		6639E22324776BA200C6FD13 /* Memorize */ = {
			isa = PBXGroup;
			children = (
				6639E22424776BA200C6FD13 /* AppDelegate.swift */,
				6639E22624776BA200C6FD13 /* SceneDelegate.swift */,
				661F23B3248B4A2300DFC9D5 /* ViewModifiers */,
				669AD5D2248B43DC0053104A /* Shapes */,
				6614F33A2478A6FD005D5AD5 /* Views */,
				6614F33B2478A707005D5AD5 /* ViewModels */,
				6614F3392478A6F7005D5AD5 /* Models */,
				662C8886247E0AFC009B157A /* Utility */,
				6639E22A24776BA300C6FD13 /* Assets.xcassets */,
				6639E22F24776BA300C6FD13 /* LaunchScreen.storyboard */,
				6639E23224776BA300C6FD13 /* Info.plist */,
				6639E22C24776BA300C6FD13 /* Preview Content */,
			);
			path = Memorize;
			sourceTree = "<group>";
		};
		6639E22C24776BA300C6FD13 /* Preview Content */ = {
			isa = PBXGroup;
			children = (
				6639E22D24776BA300C6FD13 /* Preview Assets.xcassets */,
			);
			path = "Preview Content";
			sourceTree = "<group>";
		};
		669AD5D2248B43DC0053104A /* Shapes */ = {
			isa = PBXGroup;
			children = (
				669AD5D0248B43D80053104A /* Pie.swift */,
			);
			path = Shapes;
			sourceTree = "<group>";
		};
/* End PBXGroup section */

/* Begin PBXNativeTarget section */
		6639E22024776BA200C6FD13 /* Memorize */ = {
			isa = PBXNativeTarget;
			buildConfigurationList = 6639E23524776BA300C6FD13 /* Build configuration list for PBXNativeTarget "Memorize" */;
			buildPhases = (
				6639E21D24776BA200C6FD13 /* Sources */,
				6639E21E24776BA200C6FD13 /* Frameworks */,
				6639E21F24776BA200C6FD13 /* Resources */,
			);
			buildRules = (
			);
			dependencies = (
			);
			name = Memorize;
			productName = Memorize;
			productReference = 6639E22124776BA200C6FD13 /* Memorize.app */;
			productType = "com.apple.product-type.application";
		};
/* End PBXNativeTarget section */

/* Begin PBXProject section */
		6639E21924776BA200C6FD13 /* Project object */ = {
			isa = PBXProject;
			attributes = {
				LastSwiftUpdateCheck = 1130;
				LastUpgradeCheck = 1130;
				ORGANIZATIONNAME = danielmartinezcg;
				TargetAttributes = {
					6639E22024776BA200C6FD13 = {
						CreatedOnToolsVersion = 11.3.1;
					};
				};
			};
			buildConfigurationList = 6639E21C24776BA200C6FD13 /* Build configuration list for PBXProject "Memorize" */;
			compatibilityVersion = "Xcode 9.3";
			developmentRegion = en;
			hasScannedForEncodings = 0;
			knownRegions = (
				en,
				Base,
			);
			mainGroup = 6639E21824776BA200C6FD13;
			productRefGroup = 6639E22224776BA200C6FD13 /* Products */;
			projectDirPath = "";
			projectRoot = "";
			targets = (
				6639E22024776BA200C6FD13 /* Memorize */,
			);
		};
/* End PBXProject section */

/* Begin PBXResourcesBuildPhase section */
		6639E21F24776BA200C6FD13 /* Resources */ = {
			isa = PBXResourcesBuildPhase;
			buildActionMask = 2147483647;
			files = (
				6639E23124776BA300C6FD13 /* LaunchScreen.storyboard in Resources */,
				6639E22E24776BA300C6FD13 /* Preview Assets.xcassets in Resources */,
				6639E22B24776BA300C6FD13 /* Assets.xcassets in Resources */,
			);
			runOnlyForDeploymentPostprocessing = 0;
		};
/* End PBXResourcesBuildPhase section */

/* Begin PBXSourcesBuildPhase section */
		6639E21D24776BA200C6FD13 /* Sources */ = {
			isa = PBXSourcesBuildPhase;
			buildActionMask = 2147483647;
			files = (
				6639E22524776BA200C6FD13 /* AppDelegate.swift in Sources */,
				66B04E93248466720035EF93 /* GameTheme.swift in Sources */,
				6639E22724776BA200C6FD13 /* SceneDelegate.swift in Sources */,
				66B04E95248478420035EF93 /* GradientButtonStyle.swift in Sources */,
				6614F3362478A4B2005D5AD5 /* MemoryGame.swift in Sources */,
				66E16F97247E17050089D9AF /* Array+Only.swift in Sources */,
				661F23B2248B4A1200DFC9D5 /* Cardify.swift in Sources */,
				669AD5D1248B43D80053104A /* Pie.swift in Sources */,
				6639E22924776BA200C6FD13 /* EmojiMemoryGameView.swift in Sources */,
				662C887F247E02C9009B157A /* GridView.swift in Sources */,
				662C8885247E0AF1009B157A /* Array+Identifiable.swift in Sources */,
				662C8883247E06D7009B157A /* GridLayout.swift in Sources */,
				6614F3382478A6D3005D5AD5 /* EmojiMemoryGame.swift in Sources */,
			);
			runOnlyForDeploymentPostprocessing = 0;
		};
/* End PBXSourcesBuildPhase section */

/* Begin PBXVariantGroup section */
		6639E22F24776BA300C6FD13 /* LaunchScreen.storyboard */ = {
			isa = PBXVariantGroup;
			children = (
				6639E23024776BA300C6FD13 /* Base */,
			);
			name = LaunchScreen.storyboard;
			sourceTree = "<group>";
		};
/* End PBXVariantGroup section */

/* Begin XCBuildConfiguration section */
		6639E23324776BA300C6FD13 /* Debug */ = {
			isa = XCBuildConfiguration;
			buildSettings = {
				ALWAYS_SEARCH_USER_PATHS = NO;
				CLANG_ANALYZER_NONNULL = YES;
				CLANG_ANALYZER_NUMBER_OBJECT_CONVERSION = YES_AGGRESSIVE;
				CLANG_CXX_LANGUAGE_STANDARD = "gnu++14";
				CLANG_CXX_LIBRARY = "libc++";
				CLANG_ENABLE_MODULES = YES;
				CLANG_ENABLE_OBJC_ARC = YES;
				CLANG_ENABLE_OBJC_WEAK = YES;
				CLANG_WARN_BLOCK_CAPTURE_AUTORELEASING = YES;
				CLANG_WARN_BOOL_CONVERSION = YES;
				CLANG_WARN_COMMA = YES;
				CLANG_WARN_CONSTANT_CONVERSION = YES;
				CLANG_WARN_DEPRECATED_OBJC_IMPLEMENTATIONS = YES;
				CLANG_WARN_DIRECT_OBJC_ISA_USAGE = YES_ERROR;
				CLANG_WARN_DOCUMENTATION_COMMENTS = YES;
				CLANG_WARN_EMPTY_BODY = YES;
				CLANG_WARN_ENUM_CONVERSION = YES;
				CLANG_WARN_INFINITE_RECURSION = YES;
				CLANG_WARN_INT_CONVERSION = YES;
				CLANG_WARN_NON_LITERAL_NULL_CONVERSION = YES;
				CLANG_WARN_OBJC_IMPLICIT_RETAIN_SELF = YES;
				CLANG_WARN_OBJC_LITERAL_CONVERSION = YES;
				CLANG_WARN_OBJC_ROOT_CLASS = YES_ERROR;
				CLANG_WARN_RANGE_LOOP_ANALYSIS = YES;
				CLANG_WARN_STRICT_PROTOTYPES = YES;
				CLANG_WARN_SUSPICIOUS_MOVE = YES;
				CLANG_WARN_UNGUARDED_AVAILABILITY = YES_AGGRESSIVE;
				CLANG_WARN_UNREACHABLE_CODE = YES;
				CLANG_WARN__DUPLICATE_METHOD_MATCH = YES;
				COPY_PHASE_STRIP = NO;
				DEBUG_INFORMATION_FORMAT = dwarf;
				ENABLE_STRICT_OBJC_MSGSEND = YES;
				ENABLE_TESTABILITY = YES;
				GCC_C_LANGUAGE_STANDARD = gnu11;
				GCC_DYNAMIC_NO_PIC = NO;
				GCC_NO_COMMON_BLOCKS = YES;
				GCC_OPTIMIZATION_LEVEL = 0;
				GCC_PREPROCESSOR_DEFINITIONS = (
					"DEBUG=1",
					"$(inherited)",
				);
				GCC_WARN_64_TO_32_BIT_CONVERSION = YES;
				GCC_WARN_ABOUT_RETURN_TYPE = YES_ERROR;
				GCC_WARN_UNDECLARED_SELECTOR = YES;
				GCC_WARN_UNINITIALIZED_AUTOS = YES_AGGRESSIVE;
				GCC_WARN_UNUSED_FUNCTION = YES;
				GCC_WARN_UNUSED_VARIABLE = YES;
				IPHONEOS_DEPLOYMENT_TARGET = 13.2;
				MTL_ENABLE_DEBUG_INFO = INCLUDE_SOURCE;
				MTL_FAST_MATH = YES;
				ONLY_ACTIVE_ARCH = YES;
				SDKROOT = iphoneos;
				SWIFT_ACTIVE_COMPILATION_CONDITIONS = DEBUG;
				SWIFT_OPTIMIZATION_LEVEL = "-Onone";
			};
			name = Debug;
		};
		6639E23424776BA300C6FD13 /* Release */ = {
			isa = XCBuildConfiguration;
			buildSettings = {
				ALWAYS_SEARCH_USER_PATHS = NO;
				CLANG_ANALYZER_NONNULL = YES;
				CLANG_ANALYZER_NUMBER_OBJECT_CONVERSION = YES_AGGRESSIVE;
				CLANG_CXX_LANGUAGE_STANDARD = "gnu++14";
				CLANG_CXX_LIBRARY = "libc++";
				CLANG_ENABLE_MODULES = YES;
				CLANG_ENABLE_OBJC_ARC = YES;
				CLANG_ENABLE_OBJC_WEAK = YES;
				CLANG_WARN_BLOCK_CAPTURE_AUTORELEASING = YES;
				CLANG_WARN_BOOL_CONVERSION = YES;
				CLANG_WARN_COMMA = YES;
				CLANG_WARN_CONSTANT_CONVERSION = YES;
				CLANG_WARN_DEPRECATED_OBJC_IMPLEMENTATIONS = YES;
				CLANG_WARN_DIRECT_OBJC_ISA_USAGE = YES_ERROR;
				CLANG_WARN_DOCUMENTATION_COMMENTS = YES;
				CLANG_WARN_EMPTY_BODY = YES;
				CLANG_WARN_ENUM_CONVERSION = YES;
				CLANG_WARN_INFINITE_RECURSION = YES;
				CLANG_WARN_INT_CONVERSION = YES;
				CLANG_WARN_NON_LITERAL_NULL_CONVERSION = YES;
				CLANG_WARN_OBJC_IMPLICIT_RETAIN_SELF = YES;
				CLANG_WARN_OBJC_LITERAL_CONVERSION = YES;
				CLANG_WARN_OBJC_ROOT_CLASS = YES_ERROR;
				CLANG_WARN_RANGE_LOOP_ANALYSIS = YES;
				CLANG_WARN_STRICT_PROTOTYPES = YES;
				CLANG_WARN_SUSPICIOUS_MOVE = YES;
				CLANG_WARN_UNGUARDED_AVAILABILITY = YES_AGGRESSIVE;
				CLANG_WARN_UNREACHABLE_CODE = YES;
				CLANG_WARN__DUPLICATE_METHOD_MATCH = YES;
				COPY_PHASE_STRIP = NO;
				DEBUG_INFORMATION_FORMAT = "dwarf-with-dsym";
				ENABLE_NS_ASSERTIONS = NO;
				ENABLE_STRICT_OBJC_MSGSEND = YES;
				GCC_C_LANGUAGE_STANDARD = gnu11;
				GCC_NO_COMMON_BLOCKS = YES;
				GCC_WARN_64_TO_32_BIT_CONVERSION = YES;
				GCC_WARN_ABOUT_RETURN_TYPE = YES_ERROR;
				GCC_WARN_UNDECLARED_SELECTOR = YES;
				GCC_WARN_UNINITIALIZED_AUTOS = YES_AGGRESSIVE;
				GCC_WARN_UNUSED_FUNCTION = YES;
				GCC_WARN_UNUSED_VARIABLE = YES;
				IPHONEOS_DEPLOYMENT_TARGET = 13.2;
				MTL_ENABLE_DEBUG_INFO = NO;
				MTL_FAST_MATH = YES;
				SDKROOT = iphoneos;
				SWIFT_COMPILATION_MODE = wholemodule;
				SWIFT_OPTIMIZATION_LEVEL = "-O";
				VALIDATE_PRODUCT = YES;
			};
			name = Release;
		};
		6639E23624776BA300C6FD13 /* Debug */ = {
			isa = XCBuildConfiguration;
			buildSettings = {
				ASSETCATALOG_COMPILER_APPICON_NAME = AppIcon;
				CODE_SIGN_STYLE = Automatic;
				DEVELOPMENT_ASSET_PATHS = "\"Memorize/Preview Content\"";
				DEVELOPMENT_TEAM = S5BKPRD34X;
				ENABLE_PREVIEWS = YES;
				INFOPLIST_FILE = Memorize/Info.plist;
				LD_RUNPATH_SEARCH_PATHS = (
					"$(inherited)",
					"@executable_path/Frameworks",
				);
				PRODUCT_BUNDLE_IDENTIFIER = uy.com.danielmartinezcg.Memorize;
				PRODUCT_NAME = "$(TARGET_NAME)";
				SWIFT_VERSION = 5.0;
				TARGETED_DEVICE_FAMILY = "1,2";
			};
			name = Debug;
		};
		6639E23724776BA300C6FD13 /* Release */ = {
			isa = XCBuildConfiguration;
			buildSettings = {
				ASSETCATALOG_COMPILER_APPICON_NAME = AppIcon;
				CODE_SIGN_STYLE = Automatic;
				DEVELOPMENT_ASSET_PATHS = "\"Memorize/Preview Content\"";
				DEVELOPMENT_TEAM = S5BKPRD34X;
				ENABLE_PREVIEWS = YES;
				INFOPLIST_FILE = Memorize/Info.plist;
				LD_RUNPATH_SEARCH_PATHS = (
					"$(inherited)",
					"@executable_path/Frameworks",
				);
				PRODUCT_BUNDLE_IDENTIFIER = uy.com.danielmartinezcg.Memorize;
				PRODUCT_NAME = "$(TARGET_NAME)";
				SWIFT_VERSION = 5.0;
				TARGETED_DEVICE_FAMILY = "1,2";
			};
			name = Release;
		};
/* End XCBuildConfiguration section */

/* Begin XCConfigurationList section */
		6639E21C24776BA200C6FD13 /* Build configuration list for PBXProject "Memorize" */ = {
			isa = XCConfigurationList;
			buildConfigurations = (
				6639E23324776BA300C6FD13 /* Debug */,
				6639E23424776BA300C6FD13 /* Release */,
			);
			defaultConfigurationIsVisible = 0;
			defaultConfigurationName = Release;
		};
		6639E23524776BA300C6FD13 /* Build configuration list for PBXNativeTarget "Memorize" */ = {
			isa = XCConfigurationList;
			buildConfigurations = (
				6639E23624776BA300C6FD13 /* Debug */,
				6639E23724776BA300C6FD13 /* Release */,
			);
			defaultConfigurationIsVisible = 0;
			defaultConfigurationName = Release;
		};
/* End XCConfigurationList section */
	};
	rootObject = 6639E21924776BA200C6FD13 /* Project object */;
}
